
Microsoft Visual Studio Solution File, Format Version 12.00
# Visual Studio 2012
Project("{FAE04EC0-301F-11D3-BF4B-00C04F79EFBC}") = "homegameauto", "homegameauto\homegameauto.csproj", "{13DCF04C-7EE3-41C0-9DC8-BB3730BE136F}"
EndProject
Global
	GlobalSection(SolutionConfigurationPlatforms) = preSolution
		Debug|Any CPU = Debug|Any CPU
		Release|Any CPU = Release|Any CPU
	EndGlobalSection
	GlobalSection(ProjectConfigurationPlatforms) = postSolution
		{13DCF04C-7EE3-41C0-9DC8-BB3730BE136F}.Debug|Any CPU.ActiveCfg = Debug|Any CPU
		{13DCF04C-7EE3-41C0-9DC8-BB3730BE136F}.Debug|Any CPU.Build.0 = Debug|Any CPU
		{13DCF04C-7EE3-41C0-9DC8-BB3730BE136F}.Release|Any CPU.ActiveCfg = Release|Any CPU
		{13DCF04C-7EE3-41C0-9DC8-BB3730BE136F}.Release|Any CPU.Build.0 = Release|Any CPU
	EndGlobalSection
EndGlobal
